
Microsoft Visual Studio Solution File, Format Version 12.00
# Visual Studio Version 17
VisualStudioVersion = 17.0.31903.59
MinimumVisualStudioVersion = 10.0.40219.1
Project("{2150E333-8FDC-42A3-9474-1A3956D46DE8}") = "src", "src", "{C5CA9EF9-2FA5-48CE-9863-FB5400666BEA}"
EndProject
Project("{FAE04EC0-301F-11D3-BF4B-00C04F79EFBC}") = "DesignPatterns.Runner", "src\DesignPatterns.Runner\DesignPatterns.Runner.csproj", "{CD152FFE-1DBB-4322-B52D-03DC9F8F49DE}"
EndProject
Global
	GlobalSection(SolutionConfigurationPlatforms) = preSolution
		Debug|Any CPU = Debug|Any CPU
		Release|Any CPU = Release|Any CPU
	EndGlobalSection
	GlobalSection(SolutionProperties) = preSolution
		HideSolutionNode = FALSE
	EndGlobalSection
	GlobalSection(ProjectConfigurationPlatforms) = postSolution
		{CD152FFE-1DBB-4322-B52D-03DC9F8F49DE}.Debug|Any CPU.ActiveCfg = Debug|Any CPU
		{CD152FFE-1DBB-4322-B52D-03DC9F8F49DE}.Debug|Any CPU.Build.0 = Debug|Any CPU
		{CD152FFE-1DBB-4322-B52D-03DC9F8F49DE}.Release|Any CPU.ActiveCfg = Release|Any CPU
		{CD152FFE-1DBB-4322-B52D-03DC9F8F49DE}.Release|Any CPU.Build.0 = Release|Any CPU
	EndGlobalSection
	GlobalSection(NestedProjects) = preSolution
		{CD152FFE-1DBB-4322-B52D-03DC9F8F49DE} = {C5CA9EF9-2FA5-48CE-9863-FB5400666BEA}
	EndGlobalSection
EndGlobal
